{
    "_meta": {
        "hash": {
            "sha256": "a36a9291eb37cc7740e9f5c54dd4273c2ceeb52e26d40b9fb468f616d40af942"
        },
        "pipfile-spec": 6,
        "requires": {
            "python_version": "3.10"
        },
        "sources": [
            {
                "name": "pypi",
                "url": "https://pypi.org/simple",
                "verify_ssl": true
            }
        ]
    },
    "default": {
        "asgiref": {
            "hashes": [
                "sha256:5f184dc43b7e763efe848065441eac62229c9f7b0475f41f80e207a114eda4ce",
                "sha256:e8667a091e69529631969fd45dc268fa79b99c92c5fcdda727757e52146ec133"
            ],
            "markers": "python_version >= '3.9'",
            "version": "==3.11.1"
        },
        "boto3": {
            "hashes": [
                "sha256:38ecb477ba9fc4edcf97133bf1fe33261ebec6c58d59982abff3cea167624211",
                "sha256:bd723bfbc109bdc63e017ead74dd22f2cf8a7515e24e730870b8a70af823e626"
            ],
            "index": "pypi",
            "markers": "python_version >= '3.9'",
            "version": "==1.38.18"
        },
        "botocore": {
            "hashes": [
                "sha256:0b5ddf195f15218f30ec63d8aba9e55cf60af2984c068276b9fd206059043310",
                "sha256:ae4c97383e797e9648f8721bb0217fd9efd228e9fbc661d83dc0959be083ec5c"
            ],
            "markers": "python_version >= '3.9'",
            "version": "==1.38.18"
        },
        "colorlog": {
            "hashes": [
                "sha256:5906e71acd67cb07a71e779c47c4bcb45fb8c2993eebe9e5adcd6a6f1b283eff",
                "sha256:bfba54a1b93b94f54e1f4fe48395725a3d92fd2a4af702f6bd70946bdc0c6ac2"
            ],
            "index": "pypi",
            "markers": "python_version >= '3.6'",
            "version": "==6.9.0"
        },
        "crispy-bootstrap3": {
            "hashes": [
                "sha256:257555c61ec6cd792e8654822e836794237465442a6e4b47ed31f7464e8c10f4",
                "sha256:343c696ae1a854ac0ccad25e9e7d782400783034220a11aa179d1d799acf6161"
            ],
            "index": "pypi",
            "markers": "python_version >= '3.7'",
            "version": "==2024.1"
        },
        "django": {
            "hashes": [
                "sha256:4d07aaf1c62f9984842b67c2874ebbf7056a17be253860299b93ae1881faad65",
                "sha256:4ebc7a434e3819db6cf4b399fb5b3f536310a30e8486f08b66886840be84b37c"
            ],
            "index": "pypi",
            "markers": "python_version >= '3.8'",
            "version": "==4.2.30"
        },
        "django-crispy-forms": {
            "hashes": [
                "sha256:5a4b99876cfb1bdd3e47727731b6d4197c51c0da502befbfbec6a93010b02030",
                "sha256:915e1ffdeb2987d78b33fabfeff8e5203c8776aa910a3a659a2c514ca125f3bd"
            ],
            "index": "pypi",
            "markers": "python_version >= '3.8'",
            "version": "==2.4"
        },
        "django-storages": {
            "hashes": [
                "sha256:11b7b6200e1cb5ffcd9962bd3673a39c7d6a6109e8096f0e03d46fab3d3aabd9",
                "sha256:7a25ce8f4214f69ac9c7ce87e2603887f7ae99326c316bc8d2d75375e09341c9"
            ],
            "index": "pypi",
            "markers": "python_version >= '3.7'",
            "version": "==1.14.6"
        },
        "django-uuslug": {
            "hashes": [
                "sha256:047e713eeddecf11a674d4cd27ac72407f85ef13196856ba8dfeb4d691d521d4",
                "sha256:5029077e9682db81a9f847cec9dc33c07f2e455e31f98931869e6220ca65a3e9"
            ],
            "index": "pypi",
            "markers": "python_version >= '2.7' and python_version not in '3.0, 3.1, 3.2, 3.3, 3.4, 3.5'",
            "version": "==2.0.0"
        },
        "gunicorn": {
            "hashes": [
                "sha256:ec400d38950de4dfd418cff8328b2c8faed0edb0d517d3394e457c317908ca4d",
                "sha256:f014447a0101dc57e294f6c18ca6b40227a4c90e9bdb586042628030cba004ec"
            ],
            "index": "pypi",
            "markers": "python_version >= '3.7'",
            "version": "==23.0.0"
        },
        "jmespath": {
            "hashes": [
                "sha256:02e2e4cc71b5bcab88332eebf907519190dd9e6e82107fa7f83b1003a6252980",
                "sha256:90261b206d6defd58fdd5e85f478bf633a2901798906be2ad389150c5c60edbe"
            ],
            "markers": "python_version >= '3.7'",
            "version": "==1.0.1"
        },
        "markdown": {
            "hashes": [
                "sha256:2e50876bcdd74517e7b71f3e7a76102050edec255b3983403f1a63e7c8a41e7a",
                "sha256:56a46ac655704b91e5b7e6326ce43d5ef72411376588afa1dd90e881b83c7e8c"
            ],
            "index": "pypi",
            "markers": "python_version >= '2.7' and python_version not in '3.0, 3.1, 3.2, 3.3, 3.4'",
            "version": "==3.1.1"
        },
        "packaging": {
            "hashes": [
                "sha256:29572ef2b1f17581046b3a2227d5c611fb25ec70ca1ba8554b24b0e69331a484",
                "sha256:d443872c98d677bf60f6a1f2f8c1cb748e8fe762d2bf9d3148b5599295b0fc4f"
            ],
            "markers": "python_version >= '3.8'",
            "version": "==25.0"
        },
        "pillow": {
            "hashes": [
                "sha256:00a2865911330191c0b818c59103b58a5e697cae67042366970a6b6f1b20b7f9",
                "sha256:01afa7cf67f74f09523699b4e88c73fb55c13346d212a59a2db1f86b0a63e8c5",
                "sha256:03e7e372d5240cc23e9f07deca4d775c0817bffc641b01e9c3af208dbd300987",
                "sha256:03f6fab9219220f041c74aeaa2939ff0062bd5c364ba9ce037197f4c6d498cd9",
                "sha256:042db20a421b9bafecc4b84a8b6e444686bd9d836c7fd24542db3e7df7baad9b",
                "sha256:0538bd5e05efec03ae613fd89c4ce0368ecd2ba239cc25b9f9be7ed426b0af1f",
                "sha256:0a34329707af4f73cf1782a36cd2289c0368880654a2c11f027bcee9052d35dd",
                "sha256:0c838a5125cee37e68edec915651521191cef1e6aa336b855f495766e77a366e",
                "sha256:144748b3af2d1b358d41286056d0003f47cb339b8c43a9ea42f5fea4d8c66b6e",
                "sha256:1610dd6c61621ae1cf811bef44d77e149ce3f7b95afe66a4512f8c59f25d9ebe",
                "sha256:1e1757442ed87f4912397c6d35a0db6a7b52592156014706f17658ff58bbf795",
                "sha256:22db17c68434de69d8ecfc2fe821569195c0c373b25cccb9cbdacf2c6e53c601",
                "sha256:25373b66e0dd5905ed63fa3cae13c82fbddf3079f2c8bf15c6fb6a35586324c1",
                "sha256:2bb4a8d594eacdfc59d9e5ad972aa8afdd48d584ffd5f13a937a664c3e7db0ed",
                "sha256:2c727a6d53cb0018aadd8018c2b938376af27914a68a492f59dfcaca650d5eea",
                "sha256:2d192a155bbcec180f8564f693e6fd9bccff5a7af9b32e2e4bf8c9c69dbad6b5",
                "sha256:2e589959f10d9824d39b350472b92f0ce3b443c0a3442ebf41c40cb8361c5b97",
                "sha256:2e5a76d03a6c6dcef67edabda7a52494afa4035021a79c8558e14af25313d453",
                "sha256:325ca0528c6788d2a6c3d40e3568639398137346c3d6e66bb61db96b96511c98",
                "sha256:34c0d99ecccea270c04882cb3b86e7b57296079c9a4aff88cb3b33563d95afaa",
                "sha256:390ede346628ccc626e5730107cde16c42d3836b89662a115a921f28440e6a3b",
                "sha256:394167b21da716608eac917c60aa9b969421b5dcbbe02ae7f013e7b85811c69d",
                "sha256:3997232e10d2920a68d25191392e3a4487d8183039e1c74c2297f00ed1c50705",
                "sha256:3adc9215e8be0448ed6e814966ecf3d9952f0ea40eb14e89a102b87f450660d8",
                "sha256:3e080565d8d7c671db5802eedfb438e5565ffa40115216eabb8cd52d0ecce024",
                "sha256:4a6c9fa44005fa37a91ebfc95d081e8079757d2e904b27103f4f5fa6f0bf78c0",
                "sha256:4bfd07bc812fbd20395212969e41931001fd59eb55a60658b0e5710872e95286",
                "sha256:4e6c62e9d237e9b65fac06857d511e90d8461a32adcc1b9065ea0c0fa3a28150",
                "sha256:50d8520da2a6ce0af445fa6d648c4273c3eeefbc32d7ce049f22e8b5c3daecc2",
                "sha256:51c4167c34b0d8ba05b547a3bb23578d0ba17b80a5593f93bd8ecb123dd336a3",
                "sha256:56a3f9c60a13133a98ecff6197af34d7824de9b7b38c3654861a725c970c197b",
                "sha256:56b25336f502b6ed02e889f4ece894a72612fe885889a6e8c4c80239ff6e5f5f",
                "sha256:57850958fe9c751670e49b2cecf6294acc99e562531f4bd317fa5ddee2068463",
                "sha256:58f62cc0f00fd29e64b29f4fd923ffdb3859c9f9e6105bfc37ba1d08994e8940",
                "sha256:5c0a9f29ca8e79f09de89293f82fc9b0270bb4af1d58bc98f540cc4aedf03166",
                "sha256:5cdfebd752ec52bf5bb4e35d9c64b40826bc5b40a13df7c3cda20a2c03a0f5ed",
                "sha256:5d04bfa02cc2d23b497d1e90a0f927070043f6cbf303e738300532379a4b4e0f",
                "sha256:5d2fd0fa6b5d9d1de415060363433f28da8b1526c1c129020435e186794b3795",
                "sha256:62f5409336adb0663b7caa0da5c7d9e7bdbaae9ce761d34669420c2a801b2780",
                "sha256:632ff19b2778e43162304d50da0181ce24ac5bb8180122cbe1bf4673428328c7",
                "sha256:6562ace0d3fb5f20ed7290f1f929cae41b25ae29528f2af1722966a0a02e2aa1",
                "sha256:673aa32138f3e7531ccdbca7b3901dba9b70940a19ccecc6a37c77d5fdeb05b5",
                "sha256:6a6e67ea2e6feda684ed370f9a1c52e7a243631c025ba42149a2cc5934dec295",
                "sha256:6a9adfc6d24b10f89588096364cc726174118c62130c817c2837c60cf08a392b",
                "sha256:6bb77b2dcb06b20f9f4b4a8454caa581cd4dd0643a08bacf821216a16d9c8354",
                "sha256:6e6b2a0c538fc200b38ff9eb6628228b77908c319a005815f2dde585a0664b60",
                "sha256:71cde9a1e1551df7d34a25462fc60325e8a11a82cc2e2f54578e5e9a1e153d65",
                "sha256:7371b48c4fa448d20d2714c9a1f775a81155050d383333e0a6c15b1123dda005",
                "sha256:766cef22385fa1091258ad7e6216792b156dc16d8d3fa607e7545b2b72061f1c",
                "sha256:7b14cc0106cd9aecda615dd6903840a058b4700fcb817687d0ee4fc8b6e389be",
                "sha256:7f84204dee22a783350679a0333981df803dac21a0190d706a50475e361c93f5",
                "sha256:8023abc91fba39036dbce14a7d6535632f99c0b857807cbbbf21ecc9f4717f06",
                "sha256:80b2da48193b2f33ed0c32c38140f9d3186583ce7d516526d462645fd98660ae",
                "sha256:8297651f5b5679c19968abefd6bb84d95fe30ef712eb1b2d9b2d31ca61267f4c",
                "sha256:88d387ff40b3ff7c274947ed3125dedf5262ec6919d83946753b5f3d7c67ea4c",
                "sha256:88ddbc66737e277852913bd1e07c150cc7bb124539f94c4e2df5344494e0a612",
                "sha256:8bd7903a5f2a4545f6fd5935c90058b89d30045568985a71c79f5fd6edf9b91e",
                "sha256:8be29e59487a79f173507c30ddf57e733a357f67881430449bb32614075a40ab",
                "sha256:8c984051042858021a54926eb597d6ee3012393ce9c181814115df4c60b9a808",
                "sha256:8cbeb542b2ebc6fcdacabf8aca8c1a97c9b3ad3927d46b8723f9d4f033288a0f",
                "sha256:8e9c4f5b3c546fa3458a29ab22646c1c6c787ea8f5ef51300e5a60300736905e",
                "sha256:90e6f81de50ad6b534cab6e5aef77ff6e37722b2f5d908686f4a5c9eba17a909",
                "sha256:975385f4776fafde056abb318f612ef6285b10a1f12b8570f3647ad0d74b48ec",
                "sha256:9a8a34cc89c67a65ea7437ce257cea81a9dad65b29805f3ecee8c8fe8ff25ffe",
                "sha256:9aba9a17b623ef750a4d11b742cbafffeb48a869821252b30ee21b5e91392c50",
                "sha256:9f08483a632889536b8139663db60f6724bfcb443c96f1b18855860d7d5c0fd4",
                "sha256:a4e8f36e677d3336f35089648c8955c51c6d386a13cf6ee9c189c5f5bd713a9f",
                "sha256:a52edc8bfff4429aaabdf4d9ee0daadbbf8562364f940937b941f87a4290f5ff",
                "sha256:a830b1a40919539d07806aa58e1b114df53ddd43213d9c8b75847eee6c0182b5",
                "sha256:aa88ccfe4e32d362816319ed727a004423aab09c5cea43c01a4b435643fa34eb",
                "sha256:af73337013e0b3b46f175e79492d96845b16126ddf79c438d7ea7ff27783a414",
                "sha256:b1c1fbd8a5a1af3412a0810d060a78b5136ec0836c8a4ef9aa11807f2a22f4e1",
                "sha256:b85f66ae9eb53e860a873b858b789217ba505e5e405a24b85c0464822fe88032",
                "sha256:b86024e52a1b269467a802258c25521e6d742349d760728092e1bc2d135b4d76",
                "sha256:bd9c0c7a0c681a347b3194c500cb1e6ca9cab053ea4d82a5cf45b6b754560136",
                "sha256:bfa9c230d2fe991bed5318a5f119bd6780cda2915cca595393649fc118ab895e",
                "sha256:d362d1878f00c142b7e1a16e6e5e780f02be8195123f164edf7eddd911eefe7c",
                "sha256:d5d38f1411c0ed9f97bcb49b7bd59b6b7c314e0e27420e34d99d844b9ce3b6f3",
                "sha256:dac8d77255a37e81a2efcbd1fc05f1c15ee82200e6c240d7e127e25e365c39ea",
                "sha256:dd025009355c926a84a612fecf58bb315a3f6814b17ead51a8e48d3823d9087f",
                "sha256:deede7c263feb25dba4e82ea23058a235dcc2fe1f6021025dc71f2b618e26104",
                "sha256:e74473c875d78b8e9d5da2a70f7099549f9eb37ded4e2f6a463e60125bccd176",
                "sha256:ee3120ae9dff32f121610bb08e4313be87e03efeadfc6c0d18f89127e24d0c24",
                "sha256:eedf4b74eda2b5a4b2b2fb4c006d6295df3bf29e459e198c90ea48e130dc75c3",
                "sha256:efd8c21c98c5cc60653bcb311bef2ce0401642b7ce9d09e03a7da87c878289d4",
                "sha256:f1c943e96e85df3d3478f7b691f229887e143f81fedab9b20205349ab04d73ed",
                "sha256:f278f034eb75b4e8a13a54a876cc4a5ab39173d2cdd93a638e1b467fc545ac43",
                "sha256:f3f40b3c5a968281fd507d519e444c35f0ff171237f4fdde090dd60699458421",
                "sha256:f490f9368b6fc026f021db16d7ec2fbf7d89e2edb42e8ec09d2c60505f5729c7",
                "sha256:fb043ee2f06b41473269765c2feae53fc2e2fbf96e5e22ca94fb5ad677856f06",
                "sha256:fc3d34d4a8fbec3e88a79b92e5465e0f9b842b628675850d860b8bd300b159f5"
            ],
            "index": "pypi",
            "markers": "python_version >= '3.10'",
            "version": "==12.2.0"
        },
        "psycopg2-binary": {
            "hashes": [
                "sha256:04392983d0bb89a8717772a193cfaac58871321e3ec69514e1c4e0d4957b5aff",
                "sha256:056470c3dc57904bbf63d6f534988bafc4e970ffd50f6271fc4ee7daad9498a5",
                "sha256:0ea8e3d0ae83564f2fc554955d327fa081d065c8ca5cc6d2abb643e2c9c1200f",
                "sha256:155e69561d54d02b3c3209545fb08938e27889ff5a10c19de8d23eb5a41be8a5",
                "sha256:18c5ee682b9c6dd3696dad6e54cc7ff3a1a9020df6a5c0f861ef8bfd338c3ca0",
                "sha256:19721ac03892001ee8fdd11507e6a2e01f4e37014def96379411ca99d78aeb2c",
                "sha256:1a6784f0ce3fec4edc64e985865c17778514325074adf5ad8f80636cd029ef7c",
                "sha256:2286791ececda3a723d1910441c793be44625d86d1a4e79942751197f4d30341",
                "sha256:230eeae2d71594103cd5b93fd29d1ace6420d0b86f4778739cb1a5a32f607d1f",
                "sha256:245159e7ab20a71d989da00f280ca57da7641fa2cdcf71749c193cea540a74f7",
                "sha256:26540d4a9a4e2b096f1ff9cce51253d0504dca5a85872c7f7be23be5a53eb18d",
                "sha256:270934a475a0e4b6925b5f804e3809dd5f90f8613621d062848dd82f9cd62007",
                "sha256:27422aa5f11fbcd9b18da48373eb67081243662f9b46e6fd07c3eb46e4535142",
                "sha256:2ad26b467a405c798aaa1458ba09d7e2b6e5f96b1ce0ac15d82fd9f95dc38a92",
                "sha256:2b3d2491d4d78b6b14f76881905c7a8a8abcf974aad4a8a0b065273a0ed7a2cb",
                "sha256:2ce3e21dc3437b1d960521eca599d57408a695a0d3c26797ea0f72e834c7ffe5",
                "sha256:30e34c4e97964805f715206c7b789d54a78b70f3ff19fbe590104b71c45600e5",
                "sha256:3216ccf953b3f267691c90c6fe742e45d890d8272326b4a8b20850a03d05b7b8",
                "sha256:32581b3020c72d7a421009ee1c6bf4a131ef5f0a968fab2e2de0c9d2bb4577f1",
                "sha256:35958ec9e46432d9076286dda67942ed6d968b9c3a6a2fd62b48939d1d78bf68",
                "sha256:3abb691ff9e57d4a93355f60d4f4c1dd2d68326c968e7db17ea96df3c023ef73",
                "sha256:3c18f74eb4386bf35e92ab2354a12c17e5eb4d9798e4c0ad3a00783eae7cd9f1",
                "sha256:3c4745a90b78e51d9ba06e2088a2fe0c693ae19cc8cb051ccda44e8df8a6eb53",
                "sha256:3c4ded1a24b20021ebe677b7b08ad10bf09aac197d6943bfe6fec70ac4e4690d",
                "sha256:3e9c76f0ac6f92ecfc79516a8034a544926430f7b080ec5a0537bca389ee0906",
                "sha256:48b338f08d93e7be4ab2b5f1dbe69dc5e9ef07170fe1f86514422076d9c010d0",
                "sha256:4b3df0e6990aa98acda57d983942eff13d824135fe2250e6522edaa782a06de2",
                "sha256:512d29bb12608891e349af6a0cccedce51677725a921c07dba6342beaf576f9a",
                "sha256:5a507320c58903967ef7384355a4da7ff3f28132d679aeb23572753cbf2ec10b",
                "sha256:5c370b1e4975df846b0277b4deba86419ca77dbc25047f535b0bb03d1a544d44",
                "sha256:6b269105e59ac96aba877c1707c600ae55711d9dcd3fc4b5012e4af68e30c648",
                "sha256:6d4fa1079cab9018f4d0bd2db307beaa612b0d13ba73b5c6304b9fe2fb441ff7",
                "sha256:6dc08420625b5a20b53551c50deae6e231e6371194fa0651dbe0fb206452ae1f",
                "sha256:73aa0e31fa4bb82578f3a6c74a73c273367727de397a7a0f07bd83cbea696baa",
                "sha256:7559bce4b505762d737172556a4e6ea8a9998ecac1e39b5233465093e8cee697",
                "sha256:79625966e176dc97ddabc142351e0409e28acf4660b88d1cf6adb876d20c490d",
                "sha256:7a813c8bdbaaaab1f078014b9b0b13f5de757e2b5d9be6403639b298a04d218b",
                "sha256:7b2c956c028ea5de47ff3a8d6b3cc3330ab45cf0b7c3da35a2d6ff8420896526",
                "sha256:7f4152f8f76d2023aac16285576a9ecd2b11a9895373a1f10fd9db54b3ff06b4",
                "sha256:7f5d859928e635fa3ce3477704acee0f667b3a3d3e4bb109f2b18d4005f38287",
                "sha256:851485a42dbb0bdc1edcdabdb8557c09c9655dfa2ca0460ff210522e073e319e",
                "sha256:8608c078134f0b3cbd9f89b34bd60a943b23fd33cc5f065e8d5f840061bd0673",
                "sha256:880845dfe1f85d9d5f7c412efea7a08946a46894537e4e5d091732eb1d34d9a0",
                "sha256:8aabf1c1a04584c168984ac678a668094d831f152859d06e055288fa515e4d30",
                "sha256:8aecc5e80c63f7459a1a2ab2c64df952051df196294d9f739933a9f6687e86b3",
                "sha256:8cd9b4f2cfab88ed4a9106192de509464b75a906462fb846b936eabe45c2063e",
                "sha256:8de718c0e1c4b982a54b41779667242bc630b2197948405b7bd8ce16bcecac92",
                "sha256:9440fa522a79356aaa482aa4ba500b65f28e5d0e63b801abf6aa152a29bd842a",
                "sha256:b5f86c56eeb91dc3135b3fd8a95dc7ae14c538a2f3ad77a19645cf55bab1799c",
                "sha256:b73d6d7f0ccdad7bc43e6d34273f70d587ef62f824d7261c4ae9b8b1b6af90e8",
                "sha256:bb89f0a835bcfc1d42ccd5f41f04870c1b936d8507c6df12b7737febc40f0909",
                "sha256:c3cc28a6fd5a4a26224007712e79b81dbaee2ffb90ff406256158ec4d7b52b47",
                "sha256:ce5ab4bf46a211a8e924d307c1b1fcda82368586a19d0a24f8ae166f5c784864",
                "sha256:d00924255d7fc916ef66e4bf22f354a940c67179ad3fd7067d7a0a9c84d2fbfc",
                "sha256:d7cd730dfa7c36dbe8724426bf5612798734bff2d3c3857f36f2733f5bfc7c00",
                "sha256:e217ce4d37667df0bc1c397fdcd8de5e81018ef305aed9415c3b093faaeb10fb",
                "sha256:e3923c1d9870c49a2d44f795df0c889a22380d36ef92440ff618ec315757e539",
                "sha256:e5720a5d25e3b99cd0dc5c8a440570469ff82659bb09431c1439b92caf184d3b",
                "sha256:e8b58f0a96e7a1e341fc894f62c1177a7c83febebb5ff9123b579418fdc8a481",
                "sha256:e984839e75e0b60cfe75e351db53d6db750b00de45644c5d1f7ee5d1f34a1ce5",
                "sha256:eb09aa7f9cecb45027683bb55aebaaf45a0df8bf6de68801a6afdc7947bb09d4",
                "sha256:ec8a77f521a17506a24a5f626cb2aee7850f9b69a0afe704586f63a464f3cd64",
                "sha256:ecced182e935529727401b24d76634a357c71c9275b356efafd8a2a91ec07392",
                "sha256:ee0e8c683a7ff25d23b55b11161c2663d4b099770f6085ff0a20d4505778d6b4",
                "sha256:f0c2d907a1e102526dd2986df638343388b94c33860ff3bbe1384130828714b1",
                "sha256:f758ed67cab30b9a8d2833609513ce4d3bd027641673d4ebc9c067e4d208eec1",
                "sha256:f8157bed2f51db683f31306aa497311b560f2265998122abe1dce6428bd86567",
                "sha256:ffe8ed017e4ed70f68b7b371d84b7d4a790368db9203dfc2d222febd3a9c8863"
            ],
            "index": "pypi",
            "markers": "python_version >= '3.8'",
            "version": "==2.9.10"
        },
        "pylibmc": {
            "hashes": [
                "sha256:218125aca214d62e6f69e4f8022bd795fbcb3643ad783f5f5ff33c23a1731c73",
                "sha256:3c35816082848723455071670770d89b5a531d40e9063fe4e942ea456f86da49",
                "sha256:4f46b5aa0364bca5e02000f5d62eb408d834a20722ffaf7dae20f75e7d009e6c",
                "sha256:5251df82535411d8dc08c01141b8e6e61004f0a3ee50db3aa48ffa00e928cebb",
                "sha256:7660c561e5415f4be01ff4791c1b035359c1d76fed012e18eee907c2d3249deb",
                "sha256:7b93e381dec1520a3fec922765e04679ac553d2f3fda830a5faa7cdc527280a2",
                "sha256:9d2ff6d702eb5ae502e29d97772dc85c749d596c6cb8c82a5d18f175fd4eabcc",
                "sha256:9f4516a14b2beff6062d1d240c00098227ca5478c00afba7e8b329415b0d4d67",
                "sha256:a6cce1d7705952eb30a3aca9ea3f054040cbee53c668d4e1e29144110da113bc",
                "sha256:a7baf4b78720f8b72839b3642b374754cb77cf57dab465a70ed1764d943e19d5",
                "sha256:b34c1e4021b9a395950be19ea9d98f02bea0e3a88be26dbaa7e8ac4416e1232b",
                "sha256:b649eb7fdd774290b2da73334456eb01e0d66e3d3685acd88ae6bf456a227dc6",
                "sha256:c6c4bdd8790aede67a464a32df842cacb562f77b0415a8c7823421f5c07524c6",
                "sha256:cd61f1ff46aa1ca6b0b3dac17a727cd29ac019e85db868c5523c491eef4459d7",
                "sha256:db8c0f0467182a2a3e8d625b5c60c296f971dd2ee179e865b0262bd44528d676",
                "sha256:dd98054a571bd450200a61a12b9ada3424678d17a25456bbf9a6100470401e52",
                "sha256:e589b7e70dec4daf0da1216789713c753d85611d70cfcd32574161cc75b1527e",
                "sha256:e847cdc78d82964236599ff5b312bc97fde3d10f4b93c9ee17dc33b7cf3c032a",
                "sha256:e9ef3dc70ee2dfd0981bdf3a383a044bc591de7e445296a64a24f10a560e8b4f",
                "sha256:eefa46115537abad65fbe2e032acd1b3463d9bf9e335af4b0916df4e4d3206e0",
                "sha256:f2574f390a2ec89b52a84bccca3ae57c21a4bb4d0e72df210d0d66783eee7f98",
                "sha256:f2aeff000de7d918806876dfa4880d21b72089f9809ad0b8e7dff26501367ec6",
                "sha256:f536d73632007358796654ab088d65c55a1a4368a85cfd7c956d2100e2cd8d89"
            ],
            "index": "pypi",
            "markers": "python_version >= '3.6'",
            "version": "==1.6.3"
        },
        "python-dateutil": {
            "hashes": [
                "sha256:37dd54208da7e1cd875388217d5e00ebd4179249f90fb72437e91a35459a0ad3",
                "sha256:a8b2bc7bffae282281c8140a97d3aa9c14da0b136dfe83f850eea9a5f7470427"
            ],
            "markers": "python_version >= '2.7' and python_version not in '3.0, 3.1, 3.2'",
            "version": "==2.9.0.post0"
        },
        "python-slugify": {
            "hashes": [
                "sha256:276540b79961052b66b7d116620b36518847f52d5fd9e3a70164fc8c50faa6b8",
                "sha256:59202371d1d05b54a9e7720c5e038f928f45daaffe41dd10822f3907b937c856"
            ],
            "markers": "python_version >= '3.7'",
            "version": "==8.0.4"
        },
        "pytz": {
            "hashes": [
                "sha256:360b9e3dbb49a209c21ad61809c7fb453643e048b38924c765813546746e81c3",
                "sha256:5ddf76296dd8c44c26eb8f4b6f35488f3ccbf6fbbd7adee0b7262d43f0ec2f00"
            ],
            "index": "pypi",
            "version": "==2025.2"
        },
        "s3transfer": {
            "hashes": [
                "sha256:35b314d7d82865756edab59f7baebc6b477189e6ab4c53050e28c1de4d9cce18",
                "sha256:8ac58bc1989a3fdb7c7f3ee0918a66b160d038a147c7b5db1500930a607e9a1c"
            ],
            "markers": "python_version >= '3.9'",
            "version": "==0.12.0"
        },
        "setproctitle": {
            "hashes": [
                "sha256:082413db8a96b1f021088e8ec23f0a61fec352e649aba20881895815388b66d3",
                "sha256:0dba8faee2e4a96e934797c9f0f2d093f8239bf210406a99060b3eabe549628e",
                "sha256:0e6b5633c94c5111f7137f875e8f1ff48f53b991d5d5b90932f27dc8c1fa9ae4",
                "sha256:1065ed36bd03a3fd4186d6c6de5f19846650b015789f72e2dea2d77be99bdca1",
                "sha256:109fc07b1cd6cef9c245b2028e3e98e038283342b220def311d0239179810dbe",
                "sha256:13624d9925bb481bc0ccfbc7f533da38bfbfe6e80652314f789abc78c2e513bd",
                "sha256:156795b3db976611d09252fc80761fcdb65bb7c9b9581148da900851af25ecf4",
                "sha256:163dba68f979c61e4e2e779c4d643e968973bdae7c33c3ec4d1869f7a9ba8390",
                "sha256:17d7c833ed6545ada5ac4bb606b86a28f13a04431953d4beac29d3773aa00b1d",
                "sha256:18d0667bafaaae4c1dee831e2e59841c411ff399b9b4766822ba2685d419c3be",
                "sha256:1aa1935aa2195b76f377e5cb018290376b7bf085f0b53f5a95c0c21011b74367",
                "sha256:2156d55308431ac3b3ec4e5e05b1726d11a5215352d6a22bb933171dee292f8c",
                "sha256:23a57d3b8f1549515c2dbe4a2880ebc1f27780dc126c5e064167563e015817f5",
                "sha256:2407955dc359d735a20ac6e797ad160feb33d529a2ac50695c11a1ec680eafab",
                "sha256:2940cf13f4fc11ce69ad2ed37a9f22386bfed314b98d8aebfd4f55459aa59108",
                "sha256:2e51ec673513465663008ce402171192a053564865c2fc6dc840620871a9bd7c",
                "sha256:3393859eb8f19f5804049a685bf286cb08d447e28ba5c6d8543c7bf5500d5970",
                "sha256:3884002b3a9086f3018a32ab5d4e1e8214dd70695004e27b1a45c25a6243ad0b",
                "sha256:38ca045626af693da042ac35d7332e7b9dbd52e6351d6973b310612e3acee6d6",
                "sha256:391bb6a29c4fe7ccc9c30812e3744060802d89b39264cfa77f3d280d7f387ea5",
                "sha256:3cca16fd055316a48f0debfcbfb6af7cea715429fc31515ab3fcac05abd527d8",
                "sha256:3cde5b83ec4915cd5e6ae271937fd60d14113c8f7769b4a20d51769fe70d8717",
                "sha256:3f8194b4d631b003a1176a75d1acd545e04b1f54b821638e098a93e6e62830ef",
                "sha256:3fc97805f9d74444b027babff710bf39df1541437a6a585a983d090ae00cedde",
                "sha256:4431629c178193f23c538cb1de3da285a99ccc86b20ee91d81eb5f1a80e0d2ba",
                "sha256:49498ebf68ca3e75321ffe634fcea5cc720502bfaa79bd6b03ded92ce0dc3c24",
                "sha256:4ac3eb04bcf0119aadc6235a2c162bae5ed5f740e3d42273a7228b915722de20",
                "sha256:4adf6a0013fe4e0844e3ba7583ec203ca518b9394c6cc0d3354df2bf31d1c034",
                "sha256:4efc91b437f6ff2578e89e3f17d010c0a0ff01736606473d082913ecaf7859ba",
                "sha256:50706b9c0eda55f7de18695bfeead5f28b58aa42fd5219b3b1692d554ecbc9ec",
                "sha256:5313a4e9380e46ca0e2c681ba739296f9e7c899e6f4d12a6702b2dc9fb846a31",
                "sha256:543f59601a4e32daf44741b52f9a23e0ee374f9f13b39c41d917302d98fdd7b0",
                "sha256:57bc54763bf741813a99fbde91f6be138c8706148b7b42d3752deec46545d470",
                "sha256:63cc10352dc6cf35a33951656aa660d99f25f574eb78132ce41a85001a638aa7",
                "sha256:6a1d3aa13acfe81f355b0ce4968facc7a19b0d17223a0f80c011a1dba8388f37",
                "sha256:6af330ddc2ec05a99c3933ab3cba9365357c0b8470a7f2fa054ee4b0984f57d1",
                "sha256:6d50bfcc1d1692dc55165b3dd2f0b9f8fb5b1f7b571a93e08d660ad54b9ca1a5",
                "sha256:70100e2087fe05359f249a0b5f393127b3a1819bf34dec3a3e0d4941138650c9",
                "sha256:74973aebea3543ad033b9103db30579ec2b950a466e09f9c2180089e8346e0ec",
                "sha256:751ba352ed922e0af60458e961167fa7b732ac31c0ddd1476a2dfd30ab5958c5",
                "sha256:785cd210c0311d9be28a70e281a914486d62bfd44ac926fcd70cf0b4d65dff1c",
                "sha256:7890e291bf4708e3b61db9069ea39b3ab0651e42923a5e1f4d78a7b9e4b18301",
                "sha256:793a23e8d9cb6c231aa3023d700008224c6ec5b8fd622d50f3c51665e3d0a190",
                "sha256:797f2846b546a8741413c57d9fb930ad5aa939d925c9c0fa6186d77580035af7",
                "sha256:7df5fcc48588f82b6cc8073db069609ddd48a49b1e9734a20d0efb32464753c4",
                "sha256:8050c01331135f77ec99d99307bfbc6519ea24d2f92964b06f3222a804a3ff1f",
                "sha256:805bb33e92fc3d8aa05674db3068d14d36718e3f2c5c79b09807203f229bf4b5",
                "sha256:807796fe301b7ed76cf100113cc008c119daf4fea2f9f43c578002aef70c3ebf",
                "sha256:81c443310831e29fabbd07b75ebbfa29d0740b56f5907c6af218482d51260431",
                "sha256:83066ffbf77a5f82b7e96e59bdccbdda203c8dccbfc3f9f0fdad3a08d0001d9c",
                "sha256:8834ab7be6539f1bfadec7c8d12249bbbe6c2413b1d40ffc0ec408692232a0c6",
                "sha256:92df0e70b884f5da35f2e01489dca3c06a79962fb75636985f1e3a17aec66833",
                "sha256:9483aa336687463f5497dd37a070094f3dff55e2c888994f8440fcf426a1a844",
                "sha256:97a138fa875c6f281df7720dac742259e85518135cd0e3551aba1c628103d853",
                "sha256:9b50700785eccac0819bea794d968ed8f6055c88f29364776b7ea076ac105c5d",
                "sha256:9b73cf0fe28009a04a35bb2522e4c5b5176cc148919431dcb73fdbdfaab15781",
                "sha256:9d5a369eb7ec5b2fdfa9927530b5259dd21893fa75d4e04a223332f61b84b586",
                "sha256:a094b7ce455ca341b59a0f6ce6be2e11411ba6e2860b9aa3dbb37468f23338f4",
                "sha256:a0d6252098e98129a1decb59b46920d4eca17b0395f3d71b0d327d086fefe77d",
                "sha256:a1d856b0f4e4a33e31cdab5f50d0a14998f3a2d726a3fd5cb7c4d45a57b28d1b",
                "sha256:a4ae2ea9afcfdd2b931ddcebf1cf82532162677e00326637b31ed5dff7d985ca",
                "sha256:a5963b663da69ad25fa1559ee064584935570def665917918938c1f1289f5ebc",
                "sha256:ad1c2c2baaba62823a7f348f469a967ece0062140ca39e7a48e4bbb1f20d54c4",
                "sha256:ae82507fe458f7c0c8227017f2158111a4c9e7ce94de05178894a7ea9fefc8a1",
                "sha256:af188f3305f0a65c3217c30c6d4c06891e79144076a91e8b454f14256acc7279",
                "sha256:af44bb7a1af163806bbb679eb8432fa7b4fb6d83a5d403b541b675dcd3798638",
                "sha256:b0174ca6f3018ddeaa49847f29b69612e590534c1d2186d54ab25161ecc42975",
                "sha256:b2b17855ed7f994f3f259cf2dfbfad78814538536fa1a91b50253d84d87fd88d",
                "sha256:b2e54f4a2dc6edf0f5ea5b1d0a608d2af3dcb5aa8c8eeab9c8841b23e1b054fe",
                "sha256:b6f4abde9a2946f57e8daaf1160b2351bcf64274ef539e6675c1d945dbd75e2a",
                "sha256:b70c07409d465f3a8b34d52f863871fb8a00755370791d2bd1d4f82b3cdaf3d5",
                "sha256:bb465dd5825356c1191a038a86ee1b8166e3562d6e8add95eec04ab484cfb8a2",
                "sha256:c051f46ed1e13ba8214b334cbf21902102807582fbfaf0fef341b9e52f0fafbf",
                "sha256:c1b20a5f4164cec7007be55c9cf18d2cd08ed7c3bf6769b3cd6d044ad888d74b",
                "sha256:c86e9e82bfab579327dbe9b82c71475165fbc8b2134d24f9a3b2edaf200a5c3d",
                "sha256:c9f32b96c700bb384f33f7cf07954bb609d35dd82752cef57fb2ee0968409169",
                "sha256:cce0ed8b3f64c71c140f0ec244e5fdf8ecf78ddf8d2e591d4a8b6aa1c1214235",
                "sha256:cdd7315314b0744a7dd506f3bd0f2cf90734181529cdcf75542ee35ad885cab7",
                "sha256:cf355fbf0d4275d86f9f57be705d8e5eaa7f8ddb12b24ced2ea6cbd68fdb14dc",
                "sha256:d136fbf8ad4321716e44d6d6b3d8dffb4872626010884e07a1db54b7450836cf",
                "sha256:d2c8e20487b3b73c1fa72c56f5c89430617296cd380373e7af3a538a82d4cd6d",
                "sha256:d483cc23cc56ab32911ea0baa0d2d9ea7aa065987f47de847a0a93a58bf57905",
                "sha256:d5a6c4864bb6fa9fcf7b57a830d21aed69fd71742a5ebcdbafda476be673d212",
                "sha256:d714e002dd3638170fe7376dc1b686dbac9cb712cde3f7224440af722cc9866a",
                "sha256:d73f14b86d0e2858ece6bf5807c9889670e392c001d414b4293d0d9b291942c3",
                "sha256:d88c63bd395c787b0aa81d8bbc22c1809f311032ce3e823a6517b711129818e4",
                "sha256:db608db98ccc21248370d30044a60843b3f0f3d34781ceeea67067c508cd5a28",
                "sha256:de004939fc3fd0c1200d26ea9264350bfe501ffbf46c8cf5dc7f345f2d87a7f1",
                "sha256:ded9e86397267732a0641d4776c7c663ea16b64d7dbc4d9cc6ad8536363a2d29",
                "sha256:e288f8a162d663916060beb5e8165a8551312b08efee9cf68302687471a6545d",
                "sha256:e2a9e62647dc040a76d55563580bf3bb8fe1f5b6ead08447c2ed0d7786e5e794",
                "sha256:e3e44d08b61de0dd6f205528498f834a51a5c06689f8fb182fe26f3a3ce7dca9",
                "sha256:ea002088d5554fd75e619742cefc78b84a212ba21632e59931b3501f0cfc8f67",
                "sha256:eb7452849f6615871eabed6560ffedfe56bc8af31a823b6be4ce1e6ff0ab72c5",
                "sha256:ebcf34b69df4ca0eabaaaf4a3d890f637f355fed00ba806f7ebdd2d040658c26",
                "sha256:f24d5b9383318cbd1a5cd969377937d66cf0542f24aa728a4f49d9f98f9c0da8",
                "sha256:f33fbf96b52d51c23b6cff61f57816539c1c147db270cfc1cc3bc012f4a560a9"
            ],
            "index": "pypi",
            "markers": "python_version >= '3.8'",
            "version": "==1.3.6"
        },
        "setuptools": {
            "hashes": [
                "sha256:ca5cc1069b85dc23070a6628e6bcecb3292acac802399c7f8edc0100619f9009",
                "sha256:f6ffc5f0142b1bd8d0ca94ee91b30c0ca862ffd50826da1ea85258a06fd94552"
            ],
            "markers": "python_version >= '3.9'",
            "version": "==80.7.1"
        },
        "six": {
            "hashes": [
                "sha256:4721f391ed90541fddacab5acf947aa0d3dc7d27b2e1e8eda2be8970586c3274",
                "sha256:ff70335d468e7eb6ec65b95b99d3a2836546063f63acc5171de367e834932a81"
            ],
            "markers": "python_version >= '2.7' and python_version not in '3.0, 3.1, 3.2'",
            "version": "==1.17.0"
        },
        "sqlparse": {
            "hashes": [
                "sha256:12a08b3bf3eec877c519589833aed092e2444e68240a3577e8e26148acc7b1ba",
                "sha256:e20d4a9b0b8585fdf63b10d30066c7c94c5d7a7ec47c889a2d83a3caa93ff28e"
            ],
            "markers": "python_version >= '3.8'",
            "version": "==0.5.5"
        },
        "text-unidecode": {
            "hashes": [
                "sha256:1311f10e8b895935241623731c2ba64f4c455287888b18189350b67134a822e8",
                "sha256:bad6603bb14d279193107714b288be206cac565dfa49aa5b105294dd5c4aab93"
            ],
            "version": "==1.3"
        },
        "typing-extensions": {
            "hashes": [
                "sha256:481caa481374e813c1b176ada14e97f1f67a4539ce9cfeb3f350d78d6370c2e8",
                "sha256:dc983d19a509c94dba722ee6abd33940f7c05a89e243c47e907eb4db6f1a43e5"
            ],
            "markers": "python_version >= '3.9'",
            "version": "==4.16.0"
        },
        "urllib3": {
            "hashes": [
                "sha256:414bc6535b787febd7567804cc015fee39daab8ad86268f1310a9250697de466",
                "sha256:4e16665048960a0900c702d4a66415956a584919c03361cac9f1df5c5dd7e813"
            ],
            "markers": "python_version >= '3.9'",
            "version": "==2.4.0"
        }
    },
    "develop": {}
}
