{
    "_meta": {
        "hash": {
            "sha256": "14f07b30328c8ac74e4525e5646c6028117e99a018a6d22303dcb45f5dfd5207"
        },
        "pipfile-spec": 6,
        "requires": {
            "python_version": "3.9"
        },
        "sources": [
            {
                "name": "pypi",
                "url": "https://pypi.org/simple",
                "verify_ssl": true
            }
        ]
    },
    "default": {
        "click": {
            "hashes": [
                "sha256:d2b5255c7c6349bc1bd1e59e08cd12acbbd63ce649f2588755783aa94dfb6b1a",
                "sha256:dacca89f4bfadd5de3d7489b7c8a566eee0d3676333fbb50030263894c38c0dc"
            ],
            "markers": "python_version >= '2.7' and python_version not in '3.0, 3.1, 3.2, 3.3, 3.4'",
            "version": "==7.1.2"
        },
        "pip-tools": {
            "hashes": [
                "sha256:10841c1e56c234d610d0466447685b9ea4ee4a2c274f858c0ef3c33d9bd0d985",
                "sha256:cb0108391366b3ef336185097b3c2c0f3fa115b15098dafbda5e78aef70ea114"
            ],
            "index": "pypi",
            "version": "==5.5.0"
        }
    },
    "develop": {}
}
