{
    "_meta": {
        "hash": {
            "sha256": "d18f47ad4fb1fc73b6277dee99612954dd7aa057ad351900ce6900888e374814"
        },
        "pipfile-spec": 6,
        "requires": {
            "python_version": "3.10"
        },
        "sources": [
            {
                "name": "pypi",
                "url": "https://pypi.org/simple",
                "verify_ssl": true
            }
        ]
    },
    "default": {
        "asgiref": {
            "hashes": [
                "sha256:5f184dc43b7e763efe848065441eac62229c9f7b0475f41f80e207a114eda4ce",
                "sha256:e8667a091e69529631969fd45dc268fa79b99c92c5fcdda727757e52146ec133"
            ],
            "markers": "python_version >= '3.9'",
            "version": "==3.11.1"
        },
        "boto3": {
            "hashes": [
                "sha256:38ecb477ba9fc4edcf97133bf1fe33261ebec6c58d59982abff3cea167624211",
                "sha256:bd723bfbc109bdc63e017ead74dd22f2cf8a7515e24e730870b8a70af823e626"
            ],
            "index": "pypi",
            "markers": "python_version >= '3.9'",
            "version": "==1.38.18"
        },
        "botocore": {
            "hashes": [
                "sha256:0b5ddf195f15218f30ec63d8aba9e55cf60af2984c068276b9fd206059043310",
                "sha256:ae4c97383e797e9648f8721bb0217fd9efd228e9fbc661d83dc0959be083ec5c"
            ],
            "markers": "python_version >= '3.9'",
            "version": "==1.38.18"
        },
        "colorlog": {
            "hashes": [
                "sha256:5906e71acd67cb07a71e779c47c4bcb45fb8c2993eebe9e5adcd6a6f1b283eff",
                "sha256:bfba54a1b93b94f54e1f4fe48395725a3d92fd2a4af702f6bd70946bdc0c6ac2"
            ],
            "index": "pypi",
            "markers": "python_version >= '3.6'",
            "version": "==6.9.0"
        },
        "crispy-bootstrap3": {
            "hashes": [
                "sha256:257555c61ec6cd792e8654822e836794237465442a6e4b47ed31f7464e8c10f4",
                "sha256:343c696ae1a854ac0ccad25e9e7d782400783034220a11aa179d1d799acf6161"
            ],
            "index": "pypi",
            "markers": "python_version >= '3.7'",
            "version": "==2024.1"
        },
        "django": {
            "hashes": [
                "sha256:4d07aaf1c62f9984842b67c2874ebbf7056a17be253860299b93ae1881faad65",
                "sha256:4ebc7a434e3819db6cf4b399fb5b3f536310a30e8486f08b66886840be84b37c"
            ],
            "index": "pypi",
            "markers": "python_version >= '3.8'",
            "version": "==4.2.30"
        },
        "django-crispy-forms": {
            "hashes": [
                "sha256:5a4b99876cfb1bdd3e47727731b6d4197c51c0da502befbfbec6a93010b02030",
                "sha256:915e1ffdeb2987d78b33fabfeff8e5203c8776aa910a3a659a2c514ca125f3bd"
            ],
            "index": "pypi",
            "markers": "python_version >= '3.8'",
            "version": "==2.4"
        },
        "django-storages": {
            "hashes": [
                "sha256:11b7b6200e1cb5ffcd9962bd3673a39c7d6a6109e8096f0e03d46fab3d3aabd9",
                "sha256:7a25ce8f4214f69ac9c7ce87e2603887f7ae99326c316bc8d2d75375e09341c9"
            ],
            "index": "pypi",
            "markers": "python_version >= '3.7'",
            "version": "==1.14.6"
        },
        "django-uuslug": {
            "hashes": [
                "sha256:047e713eeddecf11a674d4cd27ac72407f85ef13196856ba8dfeb4d691d521d4",
                "sha256:5029077e9682db81a9f847cec9dc33c07f2e455e31f98931869e6220ca65a3e9"
            ],
            "index": "pypi",
            "markers": "python_version >= '2.7' and python_version not in '3.0, 3.1, 3.2, 3.3, 3.4, 3.5'",
            "version": "==2.0.0"
        },
        "gunicorn": {
            "hashes": [
                "sha256:ec400d38950de4dfd418cff8328b2c8faed0edb0d517d3394e457c317908ca4d",
                "sha256:f014447a0101dc57e294f6c18ca6b40227a4c90e9bdb586042628030cba004ec"
            ],
            "index": "pypi",
            "markers": "python_version >= '3.7'",
            "version": "==23.0.0"
        },
        "jmespath": {
            "hashes": [
                "sha256:02e2e4cc71b5bcab88332eebf907519190dd9e6e82107fa7f83b1003a6252980",
                "sha256:90261b206d6defd58fdd5e85f478bf633a2901798906be2ad389150c5c60edbe"
            ],
            "markers": "python_version >= '3.7'",
            "version": "==1.0.1"
        },
        "markdown": {
            "hashes": [
                "sha256:2e50876bcdd74517e7b71f3e7a76102050edec255b3983403f1a63e7c8a41e7a",
                "sha256:56a46ac655704b91e5b7e6326ce43d5ef72411376588afa1dd90e881b83c7e8c"
            ],
            "index": "pypi",
            "markers": "python_version >= '2.7' and python_version not in '3.0, 3.1, 3.2, 3.3, 3.4'",
            "version": "==3.1.1"
        },
        "packaging": {
            "hashes": [
                "sha256:29572ef2b1f17581046b3a2227d5c611fb25ec70ca1ba8554b24b0e69331a484",
                "sha256:d443872c98d677bf60f6a1f2f8c1cb748e8fe762d2bf9d3148b5599295b0fc4f"
            ],
            "markers": "python_version >= '3.8'",
            "version": "==25.0"
        },
        "pillow": {
            "hashes": [
                "sha256:023f6d2d11784a465f09fd09a34b150ea4672e85fb3d05931d89f373ab14abb2",
                "sha256:02a723e6bf909e7cea0dac1b0e0310be9d7650cd66222a5f1c571455c0a45214",
                "sha256:040a5b691b0713e1f6cbe222e0f4f74cd233421e105850ae3b3c0ceda520f42e",
                "sha256:05f6ecbeff5005399bb48d198f098a9b4b6bdf27b8487c7f38ca16eeb070cd59",
                "sha256:068d9c39a2d1b358eb9f245ce7ab1b5c3246c7c8c7d9ba58cfa5b43146c06e50",
                "sha256:0743841cabd3dba6a83f38a92672cccbd69af56e3e91777b0ee7f4dba4385632",
                "sha256:092c80c76635f5ecb10f3f83d76716165c96f5229addbd1ec2bdbbda7d496e06",
                "sha256:0b275ff9b04df7b640c59ec5a3cb113eefd3795a8df80bac69646ef699c6981a",
                "sha256:0bce5c4fd0921f99d2e858dc4d4d64193407e1b99478bc5cacecba2311abde51",
                "sha256:1019b04af07fc0163e2810167918cb5add8d74674b6267616021ab558dc98ced",
                "sha256:106064daa23a745510dabce1d84f29137a37224831d88eb4ce94bb187b1d7e5f",
                "sha256:118ca10c0d60b06d006be10a501fd6bbdfef559251ed31b794668ed569c87e12",
                "sha256:13f87d581e71d9189ab21fe0efb5a23e9f28552d5be6979e84001d3b8505abe8",
                "sha256:155658efb5e044669c08896c0c44231c5e9abcaadbc5cd3648df2f7c0b96b9a6",
                "sha256:1904e1264881f682f02b7f8167935cce37bc97db457f8e7849dc3a6a52b99580",
                "sha256:19d2ff547c75b8e3ff46f4d9ef969a06c30ab2d4263a9e287733aa8b2429ce8f",
                "sha256:1a992e86b0dd7aeb1f053cd506508c0999d710a8f07b4c791c63843fc6a807ac",
                "sha256:1b9c17fd4ace828b3003dfd1e30bff24863e0eb59b535e8f80194d9cc7ecf860",
                "sha256:1c627742b539bba4309df89171356fcb3cc5a9178355b2727d1b74a6cf155fbd",
                "sha256:1cd110edf822773368b396281a2293aeb91c90a2db00d78ea43e7e861631b722",
                "sha256:1f85acb69adf2aaee8b7da124efebbdb959a104db34d3a2cb0f3793dbae422a8",
                "sha256:23cff760a9049c502721bdb743a7cb3e03365fafcdfc2ef9784610714166e5a4",
                "sha256:2465a69cf967b8b49ee1b96d76718cd98c4e925414ead59fdf75cf0fd07df673",
                "sha256:2a3117c06b8fb646639dce83694f2f9eac405472713fcb1ae887469c0d4f6788",
                "sha256:2aceea54f957dd4448264f9bf40875da0415c83eb85f55069d89c0ed436e3542",
                "sha256:2d6fcc902a24ac74495df63faad1884282239265c6839a0a6416d33faedfae7e",
                "sha256:30807c931ff7c095620fe04448e2c2fc673fcbb1ffe2a7da3fb39613489b1ddd",
                "sha256:30b7c02f3899d10f13d7a48163c8969e4e653f8b43416d23d13d1bbfdc93b9f8",
                "sha256:3828ee7586cd0b2091b6209e5ad53e20d0649bbe87164a459d0676e035e8f523",
                "sha256:3cee80663f29e3843b68199b9d6f4f54bd1d4a6b59bdd91bceefc51238bcb967",
                "sha256:3e184b2f26ff146363dd07bde8b711833d7b0202e27d13540bfe2e35a323a809",
                "sha256:41342b64afeba938edb034d122b2dda5db2139b9a4af999729ba8818e0056477",
                "sha256:41742638139424703b4d01665b807c6468e23e699e8e90cffefe291c5832b027",
                "sha256:4445fa62e15936a028672fd48c4c11a66d641d2c05726c7ec1f8ba6a572036ae",
                "sha256:45dfc51ac5975b938e9809451c51734124e73b04d0f0ac621649821a63852e7b",
                "sha256:465b9e8844e3c3519a983d58b80be3f668e2a7a5db97f2784e7079fbc9f9822c",
                "sha256:48d254f8a4c776de343051023eb61ffe818299eeac478da55227d96e241de53f",
                "sha256:4c834a3921375c48ee6b9624061076bc0a32a60b5532b322cc0ea64e639dd50e",
                "sha256:4c96f993ab8c98460cd0c001447bff6194403e8b1d7e149ade5f00594918128b",
                "sha256:504b6f59505f08ae014f724b6207ff6222662aab5cc9542577fb084ed0676ac7",
                "sha256:527b37216b6ac3a12d7838dc3bd75208ec57c1c6d11ef01902266a5a0c14fc27",
                "sha256:5418b53c0d59b3824d05e029669efa023bbef0f3e92e75ec8428f3799487f361",
                "sha256:59a03cdf019efbfeeed910bf79c7c93255c3d54bc45898ac2a4140071b02b4ae",
                "sha256:5e05688ccef30ea69b9317a9ead994b93975104a677a36a8ed8106be9260aa6d",
                "sha256:6359a3bc43f57d5b375d1ad54a0074318a0844d11b76abccf478c37c986d3cfc",
                "sha256:643f189248837533073c405ec2f0bb250ba54598cf80e8c1e043381a60632f58",
                "sha256:65dc69160114cdd0ca0f35cb434633c75e8e7fad4cf855177a05bf38678f73ad",
                "sha256:67172f2944ebba3d4a7b54f2e95c786a3a50c21b88456329314caaa28cda70f6",
                "sha256:676b2815362456b5b3216b4fd5bd89d362100dc6f4945154ff172e206a22c024",
                "sha256:6a418691000f2a418c9135a7cf0d797c1bb7d9a485e61fe8e7722845b95ef978",
                "sha256:6abdbfd3aea42be05702a8dd98832329c167ee84400a1d1f61ab11437f1717eb",
                "sha256:6be31e3fc9a621e071bc17bb7de63b85cbe0bfae91bb0363c893cbe67247780d",
                "sha256:7107195ddc914f656c7fc8e4a5e1c25f32e9236ea3ea860f257b0436011fddd0",
                "sha256:71f511f6b3b91dd543282477be45a033e4845a40278fa8dcdbfdb07109bf18f9",
                "sha256:7859a4cc7c9295f5838015d8cc0a9c215b77e43d07a25e460f35cf516df8626f",
                "sha256:7966e38dcd0fa11ca390aed7c6f20454443581d758242023cf36fcb319b1a874",
                "sha256:79ea0d14d3ebad43ec77ad5272e6ff9bba5b679ef73375ea760261207fa8e0aa",
                "sha256:7aee118e30a4cf54fdd873bd3a29de51e29105ab11f9aad8c32123f58c8f8081",
                "sha256:7b161756381f0918e05e7cb8a371fff367e807770f8fe92ecb20d905d0e1c149",
                "sha256:7c8ec7a017ad1bd562f93dbd8505763e688d388cde6e4a010ae1486916e713e6",
                "sha256:7d1aa4de119a0ecac0a34a9c8bde33f34022e2e8f99104e47a3ca392fd60e37d",
                "sha256:7db51d222548ccfd274e4572fdbf3e810a5e66b00608862f947b163e613b67dd",
                "sha256:819931d25e57b513242859ce1876c58c59dc31587847bf74cfe06b2e0cb22d2f",
                "sha256:83e1b0161c9d148125083a35c1c5a89db5b7054834fd4387499e06552035236c",
                "sha256:857844335c95bea93fb39e0fa2726b4d9d758850b34075a7e3ff4f4fa3aa3b31",
                "sha256:8797edc41f3e8536ae4b10897ee2f637235c94f27404cac7297f7b607dd0716e",
                "sha256:8924748b688aa210d79883357d102cd64690e56b923a186f35a82cbc10f997db",
                "sha256:89bd777bc6624fe4115e9fac3352c79ed60f3bb18651420635f26e643e3dd1f6",
                "sha256:8dc70ca24c110503e16918a658b869019126ecfe03109b754c402daff12b3d9f",
                "sha256:91da1d88226663594e3f6b4b8c3c8d85bd504117d043740a8e0ec449087cc494",
                "sha256:921bd305b10e82b4d1f5e802b6850677f965d8394203d182f078873851dada69",
                "sha256:932c754c2d51ad2b2271fd01c3d121daaa35e27efae2a616f77bf164bc0b3e94",
                "sha256:93efb0b4de7e340d99057415c749175e24c8864302369e05914682ba642e5d77",
                "sha256:97afb3a00b65cc0804d1c7abddbf090a81eaac02768af58cbdcaaa0a931e0b6d",
                "sha256:97f07ed9f56a3b9b5f49d3661dc9607484e85c67e27f3e8be2c7d28ca032fec7",
                "sha256:98a9afa7b9007c67ed84c57c9e0ad86a6000da96eaa638e4f8abe5b65ff83f0a",
                "sha256:9ab6ae226de48019caa8074894544af5b53a117ccb9d3b3dcb2871464c829438",
                "sha256:9c412fddd1b77a75aa904615ebaa6001f169b26fd467b4be93aded278266b288",
                "sha256:a1bc6ba083b145187f648b667e05a2534ecc4b9f2784c2cbe3089e44868f2b9b",
                "sha256:a418486160228f64dd9e9efcd132679b7a02a5f22c982c78b6fc7dab3fefb635",
                "sha256:a4d336baed65d50d37b88ca5b60c0fa9d81e3a87d4a7930d3880d1624d5b31f3",
                "sha256:a6444696fce635783440b7f7a9fc24b3ad10a9ea3f0ab66c5905be1c19ccf17d",
                "sha256:a7bc6e6fd0395bc052f16b1a8670859964dbd7003bd0af2ff08342eb6e442cfe",
                "sha256:b4b8f3efc8d530a1544e5962bd6b403d5f7fe8b9e08227c6b255f98ad82b4ba0",
                "sha256:b5f56c3f344f2ccaf0dd875d3e180f631dc60a51b314295a3e681fe8cf851fbe",
                "sha256:be5463ac478b623b9dd3937afd7fb7ab3d79dd290a28e2b6df292dc75063eb8a",
                "sha256:c37d8ba9411d6003bba9e518db0db0c58a680ab9fe5179f040b0463644bc9805",
                "sha256:c84d689db21a1c397d001aa08241044aa2069e7587b398c8cc63020390b1c1b8",
                "sha256:c96d333dcf42d01f47b37e0979b6bd73ec91eae18614864622d9b87bbd5bbf36",
                "sha256:cadc9e0ea0a2431124cde7e1697106471fc4c1da01530e679b2391c37d3fbb3a",
                "sha256:cc3e831b563b3114baac7ec2ee86819eb03caa1a2cef0b481a5675b59c4fe23b",
                "sha256:cd8ff254faf15591e724dc7c4ddb6bf4793efcbe13802a4ae3e863cd300b493e",
                "sha256:d000f46e2917c705e9fb93a3606ee4a819d1e3aa7a9b442f6444f07e77cf5e25",
                "sha256:d9da3df5f9ea2a89b81bb6087177fb1f4d1c7146d583a3fe5c672c0d94e55e12",
                "sha256:e5c5858ad8ec655450a7c7df532e9842cf8df7cc349df7225c60d5d348c8aada",
                "sha256:e67d793d180c9df62f1f40aee3accca4829d3794c95098887edc18af4b8b780c",
                "sha256:ea944117a7974ae78059fcc1800e5d3295172bb97035c0c1d9345fca1419da71",
                "sha256:eb76541cba2f958032d79d143b98a3a6b3ea87f0959bbe256c0b5e416599fd5d",
                "sha256:ec1ee50470b0d050984394423d96325b744d55c701a439d2bd66089bff963d3c",
                "sha256:ee92f2fd10f4adc4b43d07ec5e779932b4eb3dbfbc34790ada5a6669bc095aa6",
                "sha256:f0f5d8f4a08090c6d6d578351a2b91acf519a54986c055af27e7a93feae6d3f1",
                "sha256:f1f182ebd2303acf8c380a54f615ec883322593320a9b00438eb842c1f37ae50",
                "sha256:f8a5827f84d973d8636e9dc5764af4f0cf2318d26744b3d902931701b0d46653",
                "sha256:f944255db153ebb2b19c51fe85dd99ef0ce494123f21b9db4877ffdfc5590c7c",
                "sha256:fdae223722da47b024b867c1ea0be64e0df702c5e0a60e27daad39bf960dd1e4",
                "sha256:fe27fb049cdcca11f11a7bfda64043c37b30e6b91f10cb5bab275806c32f6ab3"
            ],
            "index": "pypi",
            "markers": "python_version >= '3.9'",
            "version": "==11.3.0"
        },
        "psycopg2-binary": {
            "hashes": [
                "sha256:04392983d0bb89a8717772a193cfaac58871321e3ec69514e1c4e0d4957b5aff",
                "sha256:056470c3dc57904bbf63d6f534988bafc4e970ffd50f6271fc4ee7daad9498a5",
                "sha256:0ea8e3d0ae83564f2fc554955d327fa081d065c8ca5cc6d2abb643e2c9c1200f",
                "sha256:155e69561d54d02b3c3209545fb08938e27889ff5a10c19de8d23eb5a41be8a5",
                "sha256:18c5ee682b9c6dd3696dad6e54cc7ff3a1a9020df6a5c0f861ef8bfd338c3ca0",
                "sha256:19721ac03892001ee8fdd11507e6a2e01f4e37014def96379411ca99d78aeb2c",
                "sha256:1a6784f0ce3fec4edc64e985865c17778514325074adf5ad8f80636cd029ef7c",
                "sha256:2286791ececda3a723d1910441c793be44625d86d1a4e79942751197f4d30341",
                "sha256:230eeae2d71594103cd5b93fd29d1ace6420d0b86f4778739cb1a5a32f607d1f",
                "sha256:245159e7ab20a71d989da00f280ca57da7641fa2cdcf71749c193cea540a74f7",
                "sha256:26540d4a9a4e2b096f1ff9cce51253d0504dca5a85872c7f7be23be5a53eb18d",
                "sha256:270934a475a0e4b6925b5f804e3809dd5f90f8613621d062848dd82f9cd62007",
                "sha256:27422aa5f11fbcd9b18da48373eb67081243662f9b46e6fd07c3eb46e4535142",
                "sha256:2ad26b467a405c798aaa1458ba09d7e2b6e5f96b1ce0ac15d82fd9f95dc38a92",
                "sha256:2b3d2491d4d78b6b14f76881905c7a8a8abcf974aad4a8a0b065273a0ed7a2cb",
                "sha256:2ce3e21dc3437b1d960521eca599d57408a695a0d3c26797ea0f72e834c7ffe5",
                "sha256:30e34c4e97964805f715206c7b789d54a78b70f3ff19fbe590104b71c45600e5",
                "sha256:3216ccf953b3f267691c90c6fe742e45d890d8272326b4a8b20850a03d05b7b8",
                "sha256:32581b3020c72d7a421009ee1c6bf4a131ef5f0a968fab2e2de0c9d2bb4577f1",
                "sha256:35958ec9e46432d9076286dda67942ed6d968b9c3a6a2fd62b48939d1d78bf68",
                "sha256:3abb691ff9e57d4a93355f60d4f4c1dd2d68326c968e7db17ea96df3c023ef73",
                "sha256:3c18f74eb4386bf35e92ab2354a12c17e5eb4d9798e4c0ad3a00783eae7cd9f1",
                "sha256:3c4745a90b78e51d9ba06e2088a2fe0c693ae19cc8cb051ccda44e8df8a6eb53",
                "sha256:3c4ded1a24b20021ebe677b7b08ad10bf09aac197d6943bfe6fec70ac4e4690d",
                "sha256:3e9c76f0ac6f92ecfc79516a8034a544926430f7b080ec5a0537bca389ee0906",
                "sha256:48b338f08d93e7be4ab2b5f1dbe69dc5e9ef07170fe1f86514422076d9c010d0",
                "sha256:4b3df0e6990aa98acda57d983942eff13d824135fe2250e6522edaa782a06de2",
                "sha256:512d29bb12608891e349af6a0cccedce51677725a921c07dba6342beaf576f9a",
                "sha256:5a507320c58903967ef7384355a4da7ff3f28132d679aeb23572753cbf2ec10b",
                "sha256:5c370b1e4975df846b0277b4deba86419ca77dbc25047f535b0bb03d1a544d44",
                "sha256:6b269105e59ac96aba877c1707c600ae55711d9dcd3fc4b5012e4af68e30c648",
                "sha256:6d4fa1079cab9018f4d0bd2db307beaa612b0d13ba73b5c6304b9fe2fb441ff7",
                "sha256:6dc08420625b5a20b53551c50deae6e231e6371194fa0651dbe0fb206452ae1f",
                "sha256:73aa0e31fa4bb82578f3a6c74a73c273367727de397a7a0f07bd83cbea696baa",
                "sha256:7559bce4b505762d737172556a4e6ea8a9998ecac1e39b5233465093e8cee697",
                "sha256:79625966e176dc97ddabc142351e0409e28acf4660b88d1cf6adb876d20c490d",
                "sha256:7a813c8bdbaaaab1f078014b9b0b13f5de757e2b5d9be6403639b298a04d218b",
                "sha256:7b2c956c028ea5de47ff3a8d6b3cc3330ab45cf0b7c3da35a2d6ff8420896526",
                "sha256:7f4152f8f76d2023aac16285576a9ecd2b11a9895373a1f10fd9db54b3ff06b4",
                "sha256:7f5d859928e635fa3ce3477704acee0f667b3a3d3e4bb109f2b18d4005f38287",
                "sha256:851485a42dbb0bdc1edcdabdb8557c09c9655dfa2ca0460ff210522e073e319e",
                "sha256:8608c078134f0b3cbd9f89b34bd60a943b23fd33cc5f065e8d5f840061bd0673",
                "sha256:880845dfe1f85d9d5f7c412efea7a08946a46894537e4e5d091732eb1d34d9a0",
                "sha256:8aabf1c1a04584c168984ac678a668094d831f152859d06e055288fa515e4d30",
                "sha256:8aecc5e80c63f7459a1a2ab2c64df952051df196294d9f739933a9f6687e86b3",
                "sha256:8cd9b4f2cfab88ed4a9106192de509464b75a906462fb846b936eabe45c2063e",
                "sha256:8de718c0e1c4b982a54b41779667242bc630b2197948405b7bd8ce16bcecac92",
                "sha256:9440fa522a79356aaa482aa4ba500b65f28e5d0e63b801abf6aa152a29bd842a",
                "sha256:b5f86c56eeb91dc3135b3fd8a95dc7ae14c538a2f3ad77a19645cf55bab1799c",
                "sha256:b73d6d7f0ccdad7bc43e6d34273f70d587ef62f824d7261c4ae9b8b1b6af90e8",
                "sha256:bb89f0a835bcfc1d42ccd5f41f04870c1b936d8507c6df12b7737febc40f0909",
                "sha256:c3cc28a6fd5a4a26224007712e79b81dbaee2ffb90ff406256158ec4d7b52b47",
                "sha256:ce5ab4bf46a211a8e924d307c1b1fcda82368586a19d0a24f8ae166f5c784864",
                "sha256:d00924255d7fc916ef66e4bf22f354a940c67179ad3fd7067d7a0a9c84d2fbfc",
                "sha256:d7cd730dfa7c36dbe8724426bf5612798734bff2d3c3857f36f2733f5bfc7c00",
                "sha256:e217ce4d37667df0bc1c397fdcd8de5e81018ef305aed9415c3b093faaeb10fb",
                "sha256:e3923c1d9870c49a2d44f795df0c889a22380d36ef92440ff618ec315757e539",
                "sha256:e5720a5d25e3b99cd0dc5c8a440570469ff82659bb09431c1439b92caf184d3b",
                "sha256:e8b58f0a96e7a1e341fc894f62c1177a7c83febebb5ff9123b579418fdc8a481",
                "sha256:e984839e75e0b60cfe75e351db53d6db750b00de45644c5d1f7ee5d1f34a1ce5",
                "sha256:eb09aa7f9cecb45027683bb55aebaaf45a0df8bf6de68801a6afdc7947bb09d4",
                "sha256:ec8a77f521a17506a24a5f626cb2aee7850f9b69a0afe704586f63a464f3cd64",
                "sha256:ecced182e935529727401b24d76634a357c71c9275b356efafd8a2a91ec07392",
                "sha256:ee0e8c683a7ff25d23b55b11161c2663d4b099770f6085ff0a20d4505778d6b4",
                "sha256:f0c2d907a1e102526dd2986df638343388b94c33860ff3bbe1384130828714b1",
                "sha256:f758ed67cab30b9a8d2833609513ce4d3bd027641673d4ebc9c067e4d208eec1",
                "sha256:f8157bed2f51db683f31306aa497311b560f2265998122abe1dce6428bd86567",
                "sha256:ffe8ed017e4ed70f68b7b371d84b7d4a790368db9203dfc2d222febd3a9c8863"
            ],
            "index": "pypi",
            "markers": "python_version >= '3.8'",
            "version": "==2.9.10"
        },
        "pylibmc": {
            "hashes": [
                "sha256:218125aca214d62e6f69e4f8022bd795fbcb3643ad783f5f5ff33c23a1731c73",
                "sha256:3c35816082848723455071670770d89b5a531d40e9063fe4e942ea456f86da49",
                "sha256:4f46b5aa0364bca5e02000f5d62eb408d834a20722ffaf7dae20f75e7d009e6c",
                "sha256:5251df82535411d8dc08c01141b8e6e61004f0a3ee50db3aa48ffa00e928cebb",
                "sha256:7660c561e5415f4be01ff4791c1b035359c1d76fed012e18eee907c2d3249deb",
                "sha256:7b93e381dec1520a3fec922765e04679ac553d2f3fda830a5faa7cdc527280a2",
                "sha256:9d2ff6d702eb5ae502e29d97772dc85c749d596c6cb8c82a5d18f175fd4eabcc",
                "sha256:9f4516a14b2beff6062d1d240c00098227ca5478c00afba7e8b329415b0d4d67",
                "sha256:a6cce1d7705952eb30a3aca9ea3f054040cbee53c668d4e1e29144110da113bc",
                "sha256:a7baf4b78720f8b72839b3642b374754cb77cf57dab465a70ed1764d943e19d5",
                "sha256:b34c1e4021b9a395950be19ea9d98f02bea0e3a88be26dbaa7e8ac4416e1232b",
                "sha256:b649eb7fdd774290b2da73334456eb01e0d66e3d3685acd88ae6bf456a227dc6",
                "sha256:c6c4bdd8790aede67a464a32df842cacb562f77b0415a8c7823421f5c07524c6",
                "sha256:cd61f1ff46aa1ca6b0b3dac17a727cd29ac019e85db868c5523c491eef4459d7",
                "sha256:db8c0f0467182a2a3e8d625b5c60c296f971dd2ee179e865b0262bd44528d676",
                "sha256:dd98054a571bd450200a61a12b9ada3424678d17a25456bbf9a6100470401e52",
                "sha256:e589b7e70dec4daf0da1216789713c753d85611d70cfcd32574161cc75b1527e",
                "sha256:e847cdc78d82964236599ff5b312bc97fde3d10f4b93c9ee17dc33b7cf3c032a",
                "sha256:e9ef3dc70ee2dfd0981bdf3a383a044bc591de7e445296a64a24f10a560e8b4f",
                "sha256:eefa46115537abad65fbe2e032acd1b3463d9bf9e335af4b0916df4e4d3206e0",
                "sha256:f2574f390a2ec89b52a84bccca3ae57c21a4bb4d0e72df210d0d66783eee7f98",
                "sha256:f2aeff000de7d918806876dfa4880d21b72089f9809ad0b8e7dff26501367ec6",
                "sha256:f536d73632007358796654ab088d65c55a1a4368a85cfd7c956d2100e2cd8d89"
            ],
            "index": "pypi",
            "markers": "python_version >= '3.6'",
            "version": "==1.6.3"
        },
        "python-dateutil": {
            "hashes": [
                "sha256:37dd54208da7e1cd875388217d5e00ebd4179249f90fb72437e91a35459a0ad3",
                "sha256:a8b2bc7bffae282281c8140a97d3aa9c14da0b136dfe83f850eea9a5f7470427"
            ],
            "markers": "python_version >= '2.7' and python_version not in '3.0, 3.1, 3.2'",
            "version": "==2.9.0.post0"
        },
        "python-slugify": {
            "hashes": [
                "sha256:276540b79961052b66b7d116620b36518847f52d5fd9e3a70164fc8c50faa6b8",
                "sha256:59202371d1d05b54a9e7720c5e038f928f45daaffe41dd10822f3907b937c856"
            ],
            "markers": "python_version >= '3.7'",
            "version": "==8.0.4"
        },
        "pytz": {
            "hashes": [
                "sha256:360b9e3dbb49a209c21ad61809c7fb453643e048b38924c765813546746e81c3",
                "sha256:5ddf76296dd8c44c26eb8f4b6f35488f3ccbf6fbbd7adee0b7262d43f0ec2f00"
            ],
            "index": "pypi",
            "version": "==2025.2"
        },
        "s3transfer": {
            "hashes": [
                "sha256:35b314d7d82865756edab59f7baebc6b477189e6ab4c53050e28c1de4d9cce18",
                "sha256:8ac58bc1989a3fdb7c7f3ee0918a66b160d038a147c7b5db1500930a607e9a1c"
            ],
            "markers": "python_version >= '3.9'",
            "version": "==0.12.0"
        },
        "setproctitle": {
            "hashes": [
                "sha256:082413db8a96b1f021088e8ec23f0a61fec352e649aba20881895815388b66d3",
                "sha256:0dba8faee2e4a96e934797c9f0f2d093f8239bf210406a99060b3eabe549628e",
                "sha256:0e6b5633c94c5111f7137f875e8f1ff48f53b991d5d5b90932f27dc8c1fa9ae4",
                "sha256:1065ed36bd03a3fd4186d6c6de5f19846650b015789f72e2dea2d77be99bdca1",
                "sha256:109fc07b1cd6cef9c245b2028e3e98e038283342b220def311d0239179810dbe",
                "sha256:13624d9925bb481bc0ccfbc7f533da38bfbfe6e80652314f789abc78c2e513bd",
                "sha256:156795b3db976611d09252fc80761fcdb65bb7c9b9581148da900851af25ecf4",
                "sha256:163dba68f979c61e4e2e779c4d643e968973bdae7c33c3ec4d1869f7a9ba8390",
                "sha256:17d7c833ed6545ada5ac4bb606b86a28f13a04431953d4beac29d3773aa00b1d",
                "sha256:18d0667bafaaae4c1dee831e2e59841c411ff399b9b4766822ba2685d419c3be",
                "sha256:1aa1935aa2195b76f377e5cb018290376b7bf085f0b53f5a95c0c21011b74367",
                "sha256:2156d55308431ac3b3ec4e5e05b1726d11a5215352d6a22bb933171dee292f8c",
                "sha256:23a57d3b8f1549515c2dbe4a2880ebc1f27780dc126c5e064167563e015817f5",
                "sha256:2407955dc359d735a20ac6e797ad160feb33d529a2ac50695c11a1ec680eafab",
                "sha256:2940cf13f4fc11ce69ad2ed37a9f22386bfed314b98d8aebfd4f55459aa59108",
                "sha256:2e51ec673513465663008ce402171192a053564865c2fc6dc840620871a9bd7c",
                "sha256:3393859eb8f19f5804049a685bf286cb08d447e28ba5c6d8543c7bf5500d5970",
                "sha256:3884002b3a9086f3018a32ab5d4e1e8214dd70695004e27b1a45c25a6243ad0b",
                "sha256:38ca045626af693da042ac35d7332e7b9dbd52e6351d6973b310612e3acee6d6",
                "sha256:391bb6a29c4fe7ccc9c30812e3744060802d89b39264cfa77f3d280d7f387ea5",
                "sha256:3cca16fd055316a48f0debfcbfb6af7cea715429fc31515ab3fcac05abd527d8",
                "sha256:3cde5b83ec4915cd5e6ae271937fd60d14113c8f7769b4a20d51769fe70d8717",
                "sha256:3f8194b4d631b003a1176a75d1acd545e04b1f54b821638e098a93e6e62830ef",
                "sha256:3fc97805f9d74444b027babff710bf39df1541437a6a585a983d090ae00cedde",
                "sha256:4431629c178193f23c538cb1de3da285a99ccc86b20ee91d81eb5f1a80e0d2ba",
                "sha256:49498ebf68ca3e75321ffe634fcea5cc720502bfaa79bd6b03ded92ce0dc3c24",
                "sha256:4ac3eb04bcf0119aadc6235a2c162bae5ed5f740e3d42273a7228b915722de20",
                "sha256:4adf6a0013fe4e0844e3ba7583ec203ca518b9394c6cc0d3354df2bf31d1c034",
                "sha256:4efc91b437f6ff2578e89e3f17d010c0a0ff01736606473d082913ecaf7859ba",
                "sha256:50706b9c0eda55f7de18695bfeead5f28b58aa42fd5219b3b1692d554ecbc9ec",
                "sha256:5313a4e9380e46ca0e2c681ba739296f9e7c899e6f4d12a6702b2dc9fb846a31",
                "sha256:543f59601a4e32daf44741b52f9a23e0ee374f9f13b39c41d917302d98fdd7b0",
                "sha256:57bc54763bf741813a99fbde91f6be138c8706148b7b42d3752deec46545d470",
                "sha256:63cc10352dc6cf35a33951656aa660d99f25f574eb78132ce41a85001a638aa7",
                "sha256:6a1d3aa13acfe81f355b0ce4968facc7a19b0d17223a0f80c011a1dba8388f37",
                "sha256:6af330ddc2ec05a99c3933ab3cba9365357c0b8470a7f2fa054ee4b0984f57d1",
                "sha256:6d50bfcc1d1692dc55165b3dd2f0b9f8fb5b1f7b571a93e08d660ad54b9ca1a5",
                "sha256:70100e2087fe05359f249a0b5f393127b3a1819bf34dec3a3e0d4941138650c9",
                "sha256:74973aebea3543ad033b9103db30579ec2b950a466e09f9c2180089e8346e0ec",
                "sha256:751ba352ed922e0af60458e961167fa7b732ac31c0ddd1476a2dfd30ab5958c5",
                "sha256:785cd210c0311d9be28a70e281a914486d62bfd44ac926fcd70cf0b4d65dff1c",
                "sha256:7890e291bf4708e3b61db9069ea39b3ab0651e42923a5e1f4d78a7b9e4b18301",
                "sha256:793a23e8d9cb6c231aa3023d700008224c6ec5b8fd622d50f3c51665e3d0a190",
                "sha256:797f2846b546a8741413c57d9fb930ad5aa939d925c9c0fa6186d77580035af7",
                "sha256:7df5fcc48588f82b6cc8073db069609ddd48a49b1e9734a20d0efb32464753c4",
                "sha256:8050c01331135f77ec99d99307bfbc6519ea24d2f92964b06f3222a804a3ff1f",
                "sha256:805bb33e92fc3d8aa05674db3068d14d36718e3f2c5c79b09807203f229bf4b5",
                "sha256:807796fe301b7ed76cf100113cc008c119daf4fea2f9f43c578002aef70c3ebf",
                "sha256:81c443310831e29fabbd07b75ebbfa29d0740b56f5907c6af218482d51260431",
                "sha256:83066ffbf77a5f82b7e96e59bdccbdda203c8dccbfc3f9f0fdad3a08d0001d9c",
                "sha256:8834ab7be6539f1bfadec7c8d12249bbbe6c2413b1d40ffc0ec408692232a0c6",
                "sha256:92df0e70b884f5da35f2e01489dca3c06a79962fb75636985f1e3a17aec66833",
                "sha256:9483aa336687463f5497dd37a070094f3dff55e2c888994f8440fcf426a1a844",
                "sha256:97a138fa875c6f281df7720dac742259e85518135cd0e3551aba1c628103d853",
                "sha256:9b50700785eccac0819bea794d968ed8f6055c88f29364776b7ea076ac105c5d",
                "sha256:9b73cf0fe28009a04a35bb2522e4c5b5176cc148919431dcb73fdbdfaab15781",
                "sha256:9d5a369eb7ec5b2fdfa9927530b5259dd21893fa75d4e04a223332f61b84b586",
                "sha256:a094b7ce455ca341b59a0f6ce6be2e11411ba6e2860b9aa3dbb37468f23338f4",
                "sha256:a0d6252098e98129a1decb59b46920d4eca17b0395f3d71b0d327d086fefe77d",
                "sha256:a1d856b0f4e4a33e31cdab5f50d0a14998f3a2d726a3fd5cb7c4d45a57b28d1b",
                "sha256:a4ae2ea9afcfdd2b931ddcebf1cf82532162677e00326637b31ed5dff7d985ca",
                "sha256:a5963b663da69ad25fa1559ee064584935570def665917918938c1f1289f5ebc",
                "sha256:ad1c2c2baaba62823a7f348f469a967ece0062140ca39e7a48e4bbb1f20d54c4",
                "sha256:ae82507fe458f7c0c8227017f2158111a4c9e7ce94de05178894a7ea9fefc8a1",
                "sha256:af188f3305f0a65c3217c30c6d4c06891e79144076a91e8b454f14256acc7279",
                "sha256:af44bb7a1af163806bbb679eb8432fa7b4fb6d83a5d403b541b675dcd3798638",
                "sha256:b0174ca6f3018ddeaa49847f29b69612e590534c1d2186d54ab25161ecc42975",
                "sha256:b2b17855ed7f994f3f259cf2dfbfad78814538536fa1a91b50253d84d87fd88d",
                "sha256:b2e54f4a2dc6edf0f5ea5b1d0a608d2af3dcb5aa8c8eeab9c8841b23e1b054fe",
                "sha256:b6f4abde9a2946f57e8daaf1160b2351bcf64274ef539e6675c1d945dbd75e2a",
                "sha256:b70c07409d465f3a8b34d52f863871fb8a00755370791d2bd1d4f82b3cdaf3d5",
                "sha256:bb465dd5825356c1191a038a86ee1b8166e3562d6e8add95eec04ab484cfb8a2",
                "sha256:c051f46ed1e13ba8214b334cbf21902102807582fbfaf0fef341b9e52f0fafbf",
                "sha256:c1b20a5f4164cec7007be55c9cf18d2cd08ed7c3bf6769b3cd6d044ad888d74b",
                "sha256:c86e9e82bfab579327dbe9b82c71475165fbc8b2134d24f9a3b2edaf200a5c3d",
                "sha256:c9f32b96c700bb384f33f7cf07954bb609d35dd82752cef57fb2ee0968409169",
                "sha256:cce0ed8b3f64c71c140f0ec244e5fdf8ecf78ddf8d2e591d4a8b6aa1c1214235",
                "sha256:cdd7315314b0744a7dd506f3bd0f2cf90734181529cdcf75542ee35ad885cab7",
                "sha256:cf355fbf0d4275d86f9f57be705d8e5eaa7f8ddb12b24ced2ea6cbd68fdb14dc",
                "sha256:d136fbf8ad4321716e44d6d6b3d8dffb4872626010884e07a1db54b7450836cf",
                "sha256:d2c8e20487b3b73c1fa72c56f5c89430617296cd380373e7af3a538a82d4cd6d",
                "sha256:d483cc23cc56ab32911ea0baa0d2d9ea7aa065987f47de847a0a93a58bf57905",
                "sha256:d5a6c4864bb6fa9fcf7b57a830d21aed69fd71742a5ebcdbafda476be673d212",
                "sha256:d714e002dd3638170fe7376dc1b686dbac9cb712cde3f7224440af722cc9866a",
                "sha256:d73f14b86d0e2858ece6bf5807c9889670e392c001d414b4293d0d9b291942c3",
                "sha256:d88c63bd395c787b0aa81d8bbc22c1809f311032ce3e823a6517b711129818e4",
                "sha256:db608db98ccc21248370d30044a60843b3f0f3d34781ceeea67067c508cd5a28",
                "sha256:de004939fc3fd0c1200d26ea9264350bfe501ffbf46c8cf5dc7f345f2d87a7f1",
                "sha256:ded9e86397267732a0641d4776c7c663ea16b64d7dbc4d9cc6ad8536363a2d29",
                "sha256:e288f8a162d663916060beb5e8165a8551312b08efee9cf68302687471a6545d",
                "sha256:e2a9e62647dc040a76d55563580bf3bb8fe1f5b6ead08447c2ed0d7786e5e794",
                "sha256:e3e44d08b61de0dd6f205528498f834a51a5c06689f8fb182fe26f3a3ce7dca9",
                "sha256:ea002088d5554fd75e619742cefc78b84a212ba21632e59931b3501f0cfc8f67",
                "sha256:eb7452849f6615871eabed6560ffedfe56bc8af31a823b6be4ce1e6ff0ab72c5",
                "sha256:ebcf34b69df4ca0eabaaaf4a3d890f637f355fed00ba806f7ebdd2d040658c26",
                "sha256:f24d5b9383318cbd1a5cd969377937d66cf0542f24aa728a4f49d9f98f9c0da8",
                "sha256:f33fbf96b52d51c23b6cff61f57816539c1c147db270cfc1cc3bc012f4a560a9"
            ],
            "index": "pypi",
            "markers": "python_version >= '3.8'",
            "version": "==1.3.6"
        },
        "setuptools": {
            "hashes": [
                "sha256:ca5cc1069b85dc23070a6628e6bcecb3292acac802399c7f8edc0100619f9009",
                "sha256:f6ffc5f0142b1bd8d0ca94ee91b30c0ca862ffd50826da1ea85258a06fd94552"
            ],
            "markers": "python_version >= '3.9'",
            "version": "==80.7.1"
        },
        "six": {
            "hashes": [
                "sha256:4721f391ed90541fddacab5acf947aa0d3dc7d27b2e1e8eda2be8970586c3274",
                "sha256:ff70335d468e7eb6ec65b95b99d3a2836546063f63acc5171de367e834932a81"
            ],
            "markers": "python_version >= '2.7' and python_version not in '3.0, 3.1, 3.2'",
            "version": "==1.17.0"
        },
        "sqlparse": {
            "hashes": [
                "sha256:12a08b3bf3eec877c519589833aed092e2444e68240a3577e8e26148acc7b1ba",
                "sha256:e20d4a9b0b8585fdf63b10d30066c7c94c5d7a7ec47c889a2d83a3caa93ff28e"
            ],
            "markers": "python_version >= '3.8'",
            "version": "==0.5.5"
        },
        "text-unidecode": {
            "hashes": [
                "sha256:1311f10e8b895935241623731c2ba64f4c455287888b18189350b67134a822e8",
                "sha256:bad6603bb14d279193107714b288be206cac565dfa49aa5b105294dd5c4aab93"
            ],
            "version": "==1.3"
        },
        "typing-extensions": {
            "hashes": [
                "sha256:481caa481374e813c1b176ada14e97f1f67a4539ce9cfeb3f350d78d6370c2e8",
                "sha256:dc983d19a509c94dba722ee6abd33940f7c05a89e243c47e907eb4db6f1a43e5"
            ],
            "markers": "python_version >= '3.9'",
            "version": "==4.16.0"
        },
        "urllib3": {
            "hashes": [
                "sha256:414bc6535b787febd7567804cc015fee39daab8ad86268f1310a9250697de466",
                "sha256:4e16665048960a0900c702d4a66415956a584919c03361cac9f1df5c5dd7e813"
            ],
            "markers": "python_version >= '3.9'",
            "version": "==2.4.0"
        }
    },
    "develop": {}
}
